
Microsoft Visual Studio Solution File, Format Version 12.00
# Visual Studio 15
VisualStudioVersion = 15.0.28307.136
MinimumVisualStudioVersion = 10.0.40219.1
Project("{FAE04EC0-301F-11D3-BF4B-00C04F79EFBC}") = "SoftwareTestProject", "SoftwareTestProject\SoftwareTestProject.csproj", "{9D365842-9818-4EAF-861E-8830B943AFD5}"
EndProject
Project("{FAE04EC0-301F-11D3-BF4B-00C04F79EFBC}") = "BusinessLayer", "BusinessLayer\BusinessLayer.csproj", "{5288FA26-C593-4B06-8AC2-F411E7F39F8F}"
EndProject
Project("{FAE04EC0-301F-11D3-BF4B-00C04F79EFBC}") = "InputOutput", "InputOutput\InputOutput.csproj", "{5165C88D-803F-4AEE-BCEA-9A45203338A3}"
EndProject
Project("{FAE04EC0-301F-11D3-BF4B-00C04F79EFBC}") = "UnitTestInputOutput", "UnitTestInputOutput\UnitTestInputOutput.csproj", "{2E43DCA6-32A6-4A7B-A2FB-E98469530113}"
EndProject
Global
	GlobalSection(SolutionConfigurationPlatforms) = preSolution
		Debug|Any CPU = Debug|Any CPU
		Release|Any CPU = Release|Any CPU
	EndGlobalSection
	GlobalSection(ProjectConfigurationPlatforms) = postSolution
		{9D365842-9818-4EAF-861E-8830B943AFD5}.Debug|Any CPU.ActiveCfg = Debug|Any CPU
		{9D365842-9818-4EAF-861E-8830B943AFD5}.Debug|Any CPU.Build.0 = Debug|Any CPU
		{9D365842-9818-4EAF-861E-8830B943AFD5}.Release|Any CPU.ActiveCfg = Release|Any CPU
		{9D365842-9818-4EAF-861E-8830B943AFD5}.Release|Any CPU.Build.0 = Release|Any CPU
		{5288FA26-C593-4B06-8AC2-F411E7F39F8F}.Debug|Any CPU.ActiveCfg = Debug|Any CPU
		{5288FA26-C593-4B06-8AC2-F411E7F39F8F}.Debug|Any CPU.Build.0 = Debug|Any CPU
		{5288FA26-C593-4B06-8AC2-F411E7F39F8F}.Release|Any CPU.ActiveCfg = Release|Any CPU
		{5288FA26-C593-4B06-8AC2-F411E7F39F8F}.Release|Any CPU.Build.0 = Release|Any CPU
		{5165C88D-803F-4AEE-BCEA-9A45203338A3}.Debug|Any CPU.ActiveCfg = Debug|Any CPU
		{5165C88D-803F-4AEE-BCEA-9A45203338A3}.Debug|Any CPU.Build.0 = Debug|Any CPU
		{5165C88D-803F-4AEE-BCEA-9A45203338A3}.Release|Any CPU.ActiveCfg = Release|Any CPU
		{5165C88D-803F-4AEE-BCEA-9A45203338A3}.Release|Any CPU.Build.0 = Release|Any CPU
		{2E43DCA6-32A6-4A7B-A2FB-E98469530113}.Debug|Any CPU.ActiveCfg = Debug|Any CPU
		{2E43DCA6-32A6-4A7B-A2FB-E98469530113}.Debug|Any CPU.Build.0 = Debug|Any CPU
		{2E43DCA6-32A6-4A7B-A2FB-E98469530113}.Release|Any CPU.ActiveCfg = Release|Any CPU
		{2E43DCA6-32A6-4A7B-A2FB-E98469530113}.Release|Any CPU.Build.0 = Release|Any CPU
	EndGlobalSection
	GlobalSection(SolutionProperties) = preSolution
		HideSolutionNode = FALSE
	EndGlobalSection
	GlobalSection(ExtensibilityGlobals) = postSolution
		SolutionGuid = {61802D49-E3F5-4982-9046-C16AE12B2C7D}
	EndGlobalSection
EndGlobal
